
Microsoft Visual Studio Solution File, Format Version 12.00
# Visual Studio Version 17
VisualStudioVersion = 17.10.34928.147
MinimumVisualStudioVersion = 10.0.40219.1
Project("{FAE04EC0-301F-11D3-BF4B-00C04F79EFBC}") = "BetterTerminalInfo", "BetterTerminalInfo\BetterTerminalInfo.csproj", "{3F7B3DA0-FDF4-4C4B-8268-B35058F28195}"
EndProject
Global
	GlobalSection(SolutionConfigurationPlatforms) = preSolution
		Debug|Any CPU = Debug|Any CPU
		Release|Any CPU = Release|Any CPU
	EndGlobalSection
	GlobalSection(ProjectConfigurationPlatforms) = postSolution
		{3F7B3DA0-FDF4-4C4B-8268-B35058F28195}.Debug|Any CPU.ActiveCfg = Debug|Any CPU
		{3F7B3DA0-FDF4-4C4B-8268-B35058F28195}.Debug|Any CPU.Build.0 = Debug|Any CPU
		{3F7B3DA0-FDF4-4C4B-8268-B35058F28195}.Release|Any CPU.ActiveCfg = Release|Any CPU
		{3F7B3DA0-FDF4-4C4B-8268-B35058F28195}.Release|Any CPU.Build.0 = Release|Any CPU
	EndGlobalSection
	GlobalSection(SolutionProperties) = preSolution
		HideSolutionNode = FALSE
	EndGlobalSection
	GlobalSection(ExtensibilityGlobals) = postSolution
		SolutionGuid = {50F99BC6-3184-4210-A4BC-29757CAB7B53}
	EndGlobalSection
EndGlobal
